{
  "name": "worker-boss",
  "version": "0.1.5",
  "lockfileVersion": 1,
  "requires": true,
  "dependencies": {
    "awesome-async": {
      "version": "0.1.3",
      "resolved": "https://registry.npmjs.org/awesome-async/-/awesome-async-0.1.3.tgz",
      "integrity": "sha512-fwnZd8nzW3rlWeQNIlP20UfcSkU0T/flcF7iSyj7jXg+aYyZDXhLpn43/+6f/aY9xxMNTSfC6BVNI9BAEr4AvQ=="
    },
    "buffer-op": {
      "version": "0.1.4",
      "resolved": "https://registry.npmjs.org/buffer-op/-/buffer-op-0.1.4.tgz",
      "integrity": "sha512-bfJsKbqjSDRB7g2dMR/A46w+CB/XtPrgIm39wtm0I130Qt0uoe8tPolTc7L6mUumlFkwIubfjGll+SFmXnELCQ=="
    }
  }
}
