{
  "name": "worker-boss",
  "version": "0.1.17",
  "lockfileVersion": 1,
  "requires": true,
  "dependencies": {
    "awesome-async": {
      "version": "0.1.4",
      "resolved": "https://registry.npmjs.org/awesome-async/-/awesome-async-0.1.4.tgz",
      "integrity": "sha512-ByfZb+VpieO3DTWACbDnQ8fyTjJpNaWk69+2qrYRpKnwl9sTl98QfuzMNaYOnF3p7x1ZeWd+jvCwahj5GWG7+A=="
    },
    "buffer-op": {
      "version": "0.1.4",
      "resolved": "https://registry.npmjs.org/buffer-op/-/buffer-op-0.1.4.tgz",
      "integrity": "sha512-bfJsKbqjSDRB7g2dMR/A46w+CB/XtPrgIm39wtm0I130Qt0uoe8tPolTc7L6mUumlFkwIubfjGll+SFmXnELCQ=="
    }
  }
}
